
Microsoft Visual Studio Solution File, Format Version 12.00
# Visual Studio 14
VisualStudioVersion = 14.0.23107.0
MinimumVisualStudioVersion = 10.0.40219.1
Project("{FAE04EC0-301F-11D3-BF4B-00C04F79EFBC}") = "MergeSort", "MergeSort\MergeSort.csproj", "{704111C8-E77E-4FD9-85F2-5505BA350991}"
EndProject
Project("{FAE04EC0-301F-11D3-BF4B-00C04F79EFBC}") = "MergeSortTest", "MergeSortTest\MergeSortTest.csproj", "{CBB1DF9D-CBA0-4EB1-BB29-59A7FAE68EDD}"
EndProject
Global
	GlobalSection(SolutionConfigurationPlatforms) = preSolution
		Debug|Any CPU = Debug|Any CPU
		Release|Any CPU = Release|Any CPU
	EndGlobalSection
	GlobalSection(ProjectConfigurationPlatforms) = postSolution
		{704111C8-E77E-4FD9-85F2-5505BA350991}.Debug|Any CPU.ActiveCfg = Debug|Any CPU
		{704111C8-E77E-4FD9-85F2-5505BA350991}.Debug|Any CPU.Build.0 = Debug|Any CPU
		{704111C8-E77E-4FD9-85F2-5505BA350991}.Release|Any CPU.ActiveCfg = Release|Any CPU
		{704111C8-E77E-4FD9-85F2-5505BA350991}.Release|Any CPU.Build.0 = Release|Any CPU
		{CBB1DF9D-CBA0-4EB1-BB29-59A7FAE68EDD}.Debug|Any CPU.ActiveCfg = Debug|Any CPU
		{CBB1DF9D-CBA0-4EB1-BB29-59A7FAE68EDD}.Debug|Any CPU.Build.0 = Debug|Any CPU
		{CBB1DF9D-CBA0-4EB1-BB29-59A7FAE68EDD}.Release|Any CPU.ActiveCfg = Release|Any CPU
		{CBB1DF9D-CBA0-4EB1-BB29-59A7FAE68EDD}.Release|Any CPU.Build.0 = Release|Any CPU
	EndGlobalSection
	GlobalSection(SolutionProperties) = preSolution
		HideSolutionNode = FALSE
	EndGlobalSection
EndGlobal
